Microsoft Visual Studio Solution File, Format Version 12.00
# Visual Studio 2012
Project("{FAE04EC0-301F-11D3-BF4B-00C04F79EFBC}") = "植物大战僵尸", "植物大战僵尸.csproj", "{90AAC5F7-5AA9-44B5-AC7D-84C4A7CF1694}"
EndProject
Global
	GlobalSection(SolutionConfigurationPlatforms) = preSolution
	Debug|Any CPU = Debug|Any CPU
	ExportDebug|Any CPU = ExportDebug|Any CPU
	ExportRelease|Any CPU = ExportRelease|Any CPU
	EndGlobalSection
	GlobalSection(ProjectConfigurationPlatforms) = postSolution
		{90AAC5F7-5AA9-44B5-AC7D-84C4A7CF1694}.Debug|Any CPU.ActiveCfg = Debug|Any CPU
		{90AAC5F7-5AA9-44B5-AC7D-84C4A7CF1694}.Debug|Any CPU.Build.0 = Debug|Any CPU
		{90AAC5F7-5AA9-44B5-AC7D-84C4A7CF1694}.ExportDebug|Any CPU.ActiveCfg = ExportDebug|Any CPU
		{90AAC5F7-5AA9-44B5-AC7D-84C4A7CF1694}.ExportDebug|Any CPU.Build.0 = ExportDebug|Any CPU
		{90AAC5F7-5AA9-44B5-AC7D-84C4A7CF1694}.ExportRelease|Any CPU.ActiveCfg = ExportRelease|Any CPU
		{90AAC5F7-5AA9-44B5-AC7D-84C4A7CF1694}.ExportRelease|Any CPU.Build.0 = ExportRelease|Any CPU
	EndGlobalSection
EndGlobal
